version: 6
environments:
  default:
    channels:
    - url: https://conda.anaconda.org/conda-forge/
    packages:
      linux-64:
      - conda: https://conda.anaconda.org/conda-forge/linux-64/_libgcc_mutex-0.1-conda_forge.tar.bz2
      - conda: https://conda.anaconda.org/conda-forge/linux-64/_openmp_mutex-4.5-2_gnu.tar.bz2
      - conda: https://conda.anaconda.org/conda-forge/linux-64/json-fortran-9.0.3-hc062a8b_0.conda
      - conda: https://conda.anaconda.org/conda-forge/linux-64/libgcc-15.1.0-h767d61c_2.conda
      - conda: https://conda.anaconda.org/conda-forge/linux-64/libgfortran-15.1.0-h69a702a_2.conda
      - conda: https://conda.anaconda.org/conda-forge/linux-64/libgfortran5-15.1.0-hcea5267_2.conda
      - conda: https://conda.anaconda.org/conda-forge/linux-64/libgomp-15.1.0-h767d61c_2.conda
packages:
- conda: https://conda.anaconda.org/conda-forge/linux-64/_libgcc_mutex-0.1-conda_forge.tar.bz2
  sha256: fe51de6107f9edc7aa4f786a70f4a883943bc9d39b3bb7307c04c41410990726
  md5: d7c89558ba9fa0495403155b64376d81
  license: None
  size: 2562
  timestamp: 1578324546067
- conda: https://conda.anaconda.org/conda-forge/linux-64/_openmp_mutex-4.5-2_gnu.tar.bz2
  build_number: 16
  sha256: fbe2c5e56a653bebb982eda4876a9178aedfc2b545f25d0ce9c4c0b508253d22
  md5: 73aaf86a425cc6e73fcf236a5a46396d
  depends:
  - _libgcc_mutex 0.1 conda_forge
  - libgomp >=7.5.0
  constrains:
  - openmp_impl 9999
  license: BSD-3-Clause
  license_family: BSD
  size: 23621
  timestamp: 1650670423406
- conda: https://conda.anaconda.org/conda-forge/linux-64/json-fortran-9.0.3-hc062a8b_0.conda
  sha256: 193b5dc7bc6865fc5c09a20d097fd8c9588756291034a4bd1888b4162bd1507e
  md5: 94af96b4507fc041996ed1cdec72327d
  depends:
  - __glibc >=2.17,<3.0.a0
  - libgcc >=13
  - libgfortran
  - libgfortran5 >=13.3.0
  license: BSD-3-Clause AND MIT
  size: 170219
  timestamp: 1740273741905
- conda: https://conda.anaconda.org/conda-forge/linux-64/libgcc-15.1.0-h767d61c_2.conda
  sha256: 0024f9ab34c09629621aefd8603ef77bf9d708129b0dd79029e502c39ffc2195
  md5: ea8ac52380885ed41c1baa8f1d6d2b93
  depends:
  - __glibc >=2.17,<3.0.a0
  - _openmp_mutex >=4.5
  constrains:
  - libgcc-ng ==15.1.0=*_2
  - libgomp 15.1.0 h767d61c_2
  license: GPL-3.0-only WITH GCC-exception-3.1
  size: 829108
  timestamp: 1746642191935
- conda: https://conda.anaconda.org/conda-forge/linux-64/libgfortran-15.1.0-h69a702a_2.conda
  sha256: 914daa4f632b786827ea71b5e07cd00d25fc6e67789db2f830dc481eec660342
  md5: f92e6e0a3c0c0c85561ef61aa59d555d
  depends:
  - libgfortran5 15.1.0 hcea5267_2
  constrains:
  - libgfortran-ng ==15.1.0=*_2
  license: GPL-3.0-only WITH GCC-exception-3.1
  size: 34541
  timestamp: 1746642233221
- conda: https://conda.anaconda.org/conda-forge/linux-64/libgfortran5-15.1.0-hcea5267_2.conda
  sha256: be23750f3ca1a5cb3ada858c4f633effe777487d1ea35fddca04c0965c073350
  md5: 01de444988ed960031dbe84cf4f9b1fc
  depends:
  - __glibc >=2.17,<3.0.a0
  - libgcc >=15.1.0
  constrains:
  - libgfortran 15.1.0
  license: GPL-3.0-only WITH GCC-exception-3.1
  size: 1569986
  timestamp: 1746642212331
- conda: https://conda.anaconda.org/conda-forge/linux-64/libgomp-15.1.0-h767d61c_2.conda
  sha256: 05fff3dc7e80579bc28de13b511baec281c4343d703c406aefd54389959154fb
  md5: fbe7d535ff9d3a168c148e07358cd5b1
  depends:
  - __glibc >=2.17,<3.0.a0
  license: GPL-3.0-only WITH GCC-exception-3.1
  size: 452635
  timestamp: 1746642113092
